
Microsoft Visual Studio Solution File, Format Version 12.00
# Visual Studio Version 17
VisualStudioVersion = 17.2.32630.192
MinimumVisualStudioVersion = 10.0.40219.1
Project("{FAE04EC0-301F-11D3-BF4B-00C04F79EFBC}") = "Rebooot", "Rebooot\Rebooot.csproj", "{BDF90416-17A3-4EC3-A3C6-68B7EE9BB741}"
EndProject
Global
	GlobalSection(SolutionConfigurationPlatforms) = preSolution
		Debug|Any CPU = Debug|Any CPU
		Release|Any CPU = Release|Any CPU
	EndGlobalSection
	GlobalSection(ProjectConfigurationPlatforms) = postSolution
		{BDF90416-17A3-4EC3-A3C6-68B7EE9BB741}.Debug|Any CPU.ActiveCfg = Debug|Any CPU
		{BDF90416-17A3-4EC3-A3C6-68B7EE9BB741}.Debug|Any CPU.Build.0 = Debug|Any CPU
		{BDF90416-17A3-4EC3-A3C6-68B7EE9BB741}.Release|Any CPU.ActiveCfg = Release|Any CPU
		{BDF90416-17A3-4EC3-A3C6-68B7EE9BB741}.Release|Any CPU.Build.0 = Release|Any CPU
	EndGlobalSection
	GlobalSection(SolutionProperties) = preSolution
		HideSolutionNode = FALSE
	EndGlobalSection
	GlobalSection(ExtensibilityGlobals) = postSolution
		SolutionGuid = {3604CEDA-F4F5-4DC1-841B-BAC45DC3781E}
	EndGlobalSection
EndGlobal
